{
    "_readme": [
        "This file locks the dependencies of your project to a known state",
        "Read more about it at https://getcomposer.org/doc/01-basic-usage.md#composer-lock-the-lock-file",
        "This file is @generated automatically"
    ],
    "content-hash": "488e7c3c76376d5e2a6c9b7e8f56c346",
    "packages": [],
    "packages-dev": [
        {
            "name": "verbalexpressions/php-verbal-expressions",
            "version": "1.0.0",
            "source": {
                "type": "git",
                "url": "https://github.com/VerbalExpressions/PHPVerbalExpressions.git",
                "reference": "82ee5aee666394b2a02c45bc97952bdb0e2363e1"
            },
            "dist": {
                "type": "zip",
                "url": "https://api.github.com/repos/VerbalExpressions/PHPVerbalExpressions/zipball/82ee5aee666394b2a02c45bc97952bdb0e2363e1",
                "reference": "82ee5aee666394b2a02c45bc97952bdb0e2363e1",
                "shasum": ""
            },
            "require": {
                "php": ">=5.3"
            },
            "require-dev": {
                "phpunit/phpunit": "* >=4",
                "squizlabs/php_codesniffer": "^3.1"
            },
            "type": "project",
            "autoload": {
                "psr-4": {
                    "VerbalExpressions\\PHPVerbalExpressions\\": "src/"
                }
            },
            "notification-url": "https://packagist.org/downloads/",
            "license": [
                "MIT"
            ],
            "description": "PHP Regular expressions made easy",
            "time": "2018-01-07T23:41:06+00:00"
        }
    ],
    "aliases": [],
    "minimum-stability": "stable",
    "stability-flags": [],
    "prefer-stable": false,
    "prefer-lowest": false,
    "platform": {
        "php": "^7.2"
    },
    "platform-dev": []
}
